
Microsoft Visual Studio Solution File, Format Version 12.00
# Visual Studio 2013
VisualStudioVersion = 12.0.40629.0
MinimumVisualStudioVersion = 10.0.40219.1
Project("{FAE04EC0-301F-11D3-BF4B-00C04F79EFBC}") = "Smartflow", "Smartflow\Smartflow.csproj", "{C77DD279-74F0-4A0A-B534-2CF858EDE21D}"
EndProject
Project("{FAE04EC0-301F-11D3-BF4B-00C04F79EFBC}") = "Dapper", "Dapper\Dapper.csproj", "{97983236-A85F-4DA6-8518-5E9A788E08E8}"
EndProject
Project("{FAE04EC0-301F-11D3-BF4B-00C04F79EFBC}") = "ConsoleApplication.Test", "ConsoleApplication.Test\ConsoleApplication.Test.csproj", "{24A9343B-8195-4C75-B4DF-C85561347E36}"
EndProject
Project("{FAE04EC0-301F-11D3-BF4B-00C04F79EFBC}") = "Smartflow.Web", "Smartflow.Web\Smartflow.Web.csproj", "{1FC0C010-8E09-4DD5-97EF-1AC8095ADAC5}"
EndProject
Global
	GlobalSection(SolutionConfigurationPlatforms) = preSolution
		Debug|Any CPU = Debug|Any CPU
		Release|Any CPU = Release|Any CPU
	EndGlobalSection
	GlobalSection(ProjectConfigurationPlatforms) = postSolution
		{C77DD279-74F0-4A0A-B534-2CF858EDE21D}.Debug|Any CPU.ActiveCfg = Debug|Any CPU
		{C77DD279-74F0-4A0A-B534-2CF858EDE21D}.Debug|Any CPU.Build.0 = Debug|Any CPU
		{C77DD279-74F0-4A0A-B534-2CF858EDE21D}.Release|Any CPU.ActiveCfg = Release|Any CPU
		{C77DD279-74F0-4A0A-B534-2CF858EDE21D}.Release|Any CPU.Build.0 = Release|Any CPU
		{97983236-A85F-4DA6-8518-5E9A788E08E8}.Debug|Any CPU.ActiveCfg = Debug|Any CPU
		{97983236-A85F-4DA6-8518-5E9A788E08E8}.Debug|Any CPU.Build.0 = Debug|Any CPU
		{97983236-A85F-4DA6-8518-5E9A788E08E8}.Release|Any CPU.ActiveCfg = Release|Any CPU
		{97983236-A85F-4DA6-8518-5E9A788E08E8}.Release|Any CPU.Build.0 = Release|Any CPU
		{24A9343B-8195-4C75-B4DF-C85561347E36}.Debug|Any CPU.ActiveCfg = Debug|Any CPU
		{24A9343B-8195-4C75-B4DF-C85561347E36}.Debug|Any CPU.Build.0 = Debug|Any CPU
		{24A9343B-8195-4C75-B4DF-C85561347E36}.Release|Any CPU.ActiveCfg = Release|Any CPU
		{24A9343B-8195-4C75-B4DF-C85561347E36}.Release|Any CPU.Build.0 = Release|Any CPU
		{1FC0C010-8E09-4DD5-97EF-1AC8095ADAC5}.Debug|Any CPU.ActiveCfg = Debug|Any CPU
		{1FC0C010-8E09-4DD5-97EF-1AC8095ADAC5}.Debug|Any CPU.Build.0 = Debug|Any CPU
		{1FC0C010-8E09-4DD5-97EF-1AC8095ADAC5}.Release|Any CPU.ActiveCfg = Release|Any CPU
		{1FC0C010-8E09-4DD5-97EF-1AC8095ADAC5}.Release|Any CPU.Build.0 = Release|Any CPU
	EndGlobalSection
	GlobalSection(SolutionProperties) = preSolution
		HideSolutionNode = FALSE
	EndGlobalSection
EndGlobal
